
Microsoft Visual Studio Solution File, Format Version 12.00
# Visual Studio Version 16
VisualStudioVersion = 16.0.31613.86
MinimumVisualStudioVersion = 10.0.40219.1
Project("{FAE04EC0-301F-11D3-BF4B-00C04F79EFBC}") = "AgendaImpiegato", "AgendaImpiegato\AgendaImpiegato.csproj", "{77B41FBD-659B-44CF-8F55-32659A8F807F}"
EndProject
Global
	GlobalSection(SolutionConfigurationPlatforms) = preSolution
		Debug|Any CPU = Debug|Any CPU
		Release|Any CPU = Release|Any CPU
	EndGlobalSection
	GlobalSection(ProjectConfigurationPlatforms) = postSolution
		{77B41FBD-659B-44CF-8F55-32659A8F807F}.Debug|Any CPU.ActiveCfg = Debug|Any CPU
		{77B41FBD-659B-44CF-8F55-32659A8F807F}.Debug|Any CPU.Build.0 = Debug|Any CPU
		{77B41FBD-659B-44CF-8F55-32659A8F807F}.Release|Any CPU.ActiveCfg = Release|Any CPU
		{77B41FBD-659B-44CF-8F55-32659A8F807F}.Release|Any CPU.Build.0 = Release|Any CPU
	EndGlobalSection
	GlobalSection(SolutionProperties) = preSolution
		HideSolutionNode = FALSE
	EndGlobalSection
	GlobalSection(ExtensibilityGlobals) = postSolution
		SolutionGuid = {4A389290-8580-4E65-8E49-A2CC607ADA25}
	EndGlobalSection
EndGlobal
